// !$*UTF8*$!
{
	archiveVersion = 1;
	classes = {
	};
	objectVersion = 56;
	objects = {

/* Begin PBXBuildFile section */
		01D73B382A8E4BAC00993564 /* AppDelegate.swift in Sources */ = {isa = PBXBuildFile; fileRef = 01D73B372A8E4BAC00993564 /* AppDelegate.swift */; };
		01D73B3A2A8E4BAC00993564 /* SceneDelegate.swift in Sources */ = {isa = PBXBuildFile; fileRef = 01D73B392A8E4BAC00993564 /* SceneDelegate.swift */; };
		01D73B3C2A8E4BAC00993564 /* HomeVC.swift in Sources */ = {isa = PBXBuildFile; fileRef = 01D73B3B2A8E4BAC00993564 /* HomeVC.swift */; };
		01D73B3F2A8E4BAC00993564 /* Main.storyboard in Resources */ = {isa = PBXBuildFile; fileRef = 01D73B3D2A8E4BAC00993564 /* Main.storyboard */; };
		01D73B412A8E4BAD00993564 /* Assets.xcassets in Resources */ = {isa = PBXBuildFile; fileRef = 01D73B402A8E4BAD00993564 /* Assets.xcassets */; };
		01D73B442A8E4BAD00993564 /* LaunchScreen.storyboard in Resources */ = {isa = PBXBuildFile; fileRef = 01D73B422A8E4BAD00993564 /* LaunchScreen.storyboard */; };
		01D73B4F2A8E4BAD00993564 /* PhotoBackerUpperTests.swift in Sources */ = {isa = PBXBuildFile; fileRef = 01D73B4E2A8E4BAD00993564 /* PhotoBackerUpperTests.swift */; };
		01D73B592A8E4BAD00993564 /* PhotoBackerUpperUITests.swift in Sources */ = {isa = PBXBuildFile; fileRef = 01D73B582A8E4BAD00993564 /* PhotoBackerUpperUITests.swift */; };
		01D73B5B2A8E4BAD00993564 /* PhotoBackerUpperUITestsLaunchTests.swift in Sources */ = {isa = PBXBuildFile; fileRef = 01D73B5A2A8E4BAD00993564 /* PhotoBackerUpperUITestsLaunchTests.swift */; };
		01D73B6B2A8EB5B300993564 /* UserStore.swift in Sources */ = {isa = PBXBuildFile; fileRef = 01D73B6A2A8EB5B300993564 /* UserStore.swift */; };
		01D73B6E2A8EB5E100993564 /* User.swift in Sources */ = {isa = PBXBuildFile; fileRef = 01D73B6D2A8EB5E100993564 /* User.swift */; };
		01D73B702A8EB65400993564 /* Utilities.swift in Sources */ = {isa = PBXBuildFile; fileRef = 01D73B6F2A8EB65400993564 /* Utilities.swift */; };
		01D73B722A8EB68300993564 /* extensions.swift in Sources */ = {isa = PBXBuildFile; fileRef = 01D73B712A8EB68300993564 /* extensions.swift */; };
		01D73B752A8EBB2C00993564 /* LoginVC.swift in Sources */ = {isa = PBXBuildFile; fileRef = 01D73B742A8EBB2C00993564 /* LoginVC.swift */; };
		01D73B772A8EBB8E00993564 /* RegisterVC.swift in Sources */ = {isa = PBXBuildFile; fileRef = 01D73B762A8EBB8E00993564 /* RegisterVC.swift */; };
		01D73B792A8F553E00993564 /* YourDirectoriesVC.swift in Sources */ = {isa = PBXBuildFile; fileRef = 01D73B782A8F553E00993564 /* YourDirectoriesVC.swift */; };
		01D73B7B2A8F577300993564 /* RequestStore.swift in Sources */ = {isa = PBXBuildFile; fileRef = 01D73B7A2A8F577300993564 /* RequestStore.swift */; };
		01D73B7D2A8F57BB00993564 /* DirectoriesStore.swift in Sources */ = {isa = PBXBuildFile; fileRef = 01D73B7C2A8F57BB00993564 /* DirectoriesStore.swift */; };
		01D73B7F2A8F736D00993564 /* SearchDirectoriesVC.swift in Sources */ = {isa = PBXBuildFile; fileRef = 01D73B7E2A8F736D00993564 /* SearchDirectoriesVC.swift */; };
		01D73B812A90A7CF00993564 /* PhotosDirectoryVC.swift in Sources */ = {isa = PBXBuildFile; fileRef = 01D73B802A90A7CF00993564 /* PhotosDirectoryVC.swift */; };
/* End PBXBuildFile section */

/* Begin PBXContainerItemProxy section */
		01D73B4B2A8E4BAD00993564 /* PBXContainerItemProxy */ = {
			isa = PBXContainerItemProxy;
			containerPortal = 01D73B2C2A8E4BAB00993564 /* Project object */;
			proxyType = 1;
			remoteGlobalIDString = 01D73B332A8E4BAC00993564;
			remoteInfo = PhotoBackerUpper;
		};
		01D73B552A8E4BAD00993564 /* PBXContainerItemProxy */ = {
			isa = PBXContainerItemProxy;
			containerPortal = 01D73B2C2A8E4BAB00993564 /* Project object */;
			proxyType = 1;
			remoteGlobalIDString = 01D73B332A8E4BAC00993564;
			remoteInfo = PhotoBackerUpper;
		};
/* End PBXContainerItemProxy section */

/* Begin PBXFileReference section */
		01D73B342A8E4BAC00993564 /* PhotoBackerUpper.app */ = {isa = PBXFileReference; explicitFileType = wrapper.application; includeInIndex = 0; path = PhotoBackerUpper.app; sourceTree = BUILT_PRODUCTS_DIR; };
		01D73B372A8E4BAC00993564 /* AppDelegate.swift */ = {isa = PBXFileReference; lastKnownFileType = sourcecode.swift; path = AppDelegate.swift; sourceTree = "<group>"; };
		01D73B392A8E4BAC00993564 /* SceneDelegate.swift */ = {isa = PBXFileReference; lastKnownFileType = sourcecode.swift; path = SceneDelegate.swift; sourceTree = "<group>"; };
		01D73B3B2A8E4BAC00993564 /* HomeVC.swift */ = {isa = PBXFileReference; lastKnownFileType = sourcecode.swift; path = HomeVC.swift; sourceTree = "<group>"; };
		01D73B3E2A8E4BAC00993564 /* Base */ = {isa = PBXFileReference; lastKnownFileType = file.storyboard; name = Base; path = Base.lproj/Main.storyboard; sourceTree = "<group>"; };
		01D73B402A8E4BAD00993564 /* Assets.xcassets */ = {isa = PBXFileReference; lastKnownFileType = folder.assetcatalog; path = Assets.xcassets; sourceTree = "<group>"; };
		01D73B432A8E4BAD00993564 /* Base */ = {isa = PBXFileReference; lastKnownFileType = file.storyboard; name = Base; path = Base.lproj/LaunchScreen.storyboard; sourceTree = "<group>"; };
		01D73B452A8E4BAD00993564 /* Info.plist */ = {isa = PBXFileReference; lastKnownFileType = text.plist.xml; path = Info.plist; sourceTree = "<group>"; };
		01D73B4A2A8E4BAD00993564 /* PhotoBackerUpperTests.xctest */ = {isa = PBXFileReference; explicitFileType = wrapper.cfbundle; includeInIndex = 0; path = PhotoBackerUpperTests.xctest; sourceTree = BUILT_PRODUCTS_DIR; };
		01D73B4E2A8E4BAD00993564 /* PhotoBackerUpperTests.swift */ = {isa = PBXFileReference; lastKnownFileType = sourcecode.swift; path = PhotoBackerUpperTests.swift; sourceTree = "<group>"; };
		01D73B542A8E4BAD00993564 /* PhotoBackerUpperUITests.xctest */ = {isa = PBXFileReference; explicitFileType = wrapper.cfbundle; includeInIndex = 0; path = PhotoBackerUpperUITests.xctest; sourceTree = BUILT_PRODUCTS_DIR; };
		01D73B582A8E4BAD00993564 /* PhotoBackerUpperUITests.swift */ = {isa = PBXFileReference; lastKnownFileType = sourcecode.swift; path = PhotoBackerUpperUITests.swift; sourceTree = "<group>"; };
		01D73B5A2A8E4BAD00993564 /* PhotoBackerUpperUITestsLaunchTests.swift */ = {isa = PBXFileReference; lastKnownFileType = sourcecode.swift; path = PhotoBackerUpperUITestsLaunchTests.swift; sourceTree = "<group>"; };
		01D73B6A2A8EB5B300993564 /* UserStore.swift */ = {isa = PBXFileReference; lastKnownFileType = sourcecode.swift; path = UserStore.swift; sourceTree = "<group>"; };
		01D73B6D2A8EB5E100993564 /* User.swift */ = {isa = PBXFileReference; lastKnownFileType = sourcecode.swift; path = User.swift; sourceTree = "<group>"; };
		01D73B6F2A8EB65400993564 /* Utilities.swift */ = {isa = PBXFileReference; lastKnownFileType = sourcecode.swift; path = Utilities.swift; sourceTree = "<group>"; };
		01D73B712A8EB68300993564 /* extensions.swift */ = {isa = PBXFileReference; lastKnownFileType = sourcecode.swift; path = extensions.swift; sourceTree = "<group>"; };
		01D73B742A8EBB2C00993564 /* LoginVC.swift */ = {isa = PBXFileReference; lastKnownFileType = sourcecode.swift; path = LoginVC.swift; sourceTree = "<group>"; };
		01D73B762A8EBB8E00993564 /* RegisterVC.swift */ = {isa = PBXFileReference; lastKnownFileType = sourcecode.swift; path = RegisterVC.swift; sourceTree = "<group>"; };
		01D73B782A8F553E00993564 /* YourDirectoriesVC.swift */ = {isa = PBXFileReference; lastKnownFileType = sourcecode.swift; path = YourDirectoriesVC.swift; sourceTree = "<group>"; };
		01D73B7A2A8F577300993564 /* RequestStore.swift */ = {isa = PBXFileReference; lastKnownFileType = sourcecode.swift; path = RequestStore.swift; sourceTree = "<group>"; };
		01D73B7C2A8F57BB00993564 /* DirectoriesStore.swift */ = {isa = PBXFileReference; lastKnownFileType = sourcecode.swift; path = DirectoriesStore.swift; sourceTree = "<group>"; };
		01D73B7E2A8F736D00993564 /* SearchDirectoriesVC.swift */ = {isa = PBXFileReference; lastKnownFileType = sourcecode.swift; path = SearchDirectoriesVC.swift; sourceTree = "<group>"; };
		01D73B802A90A7CF00993564 /* PhotosDirectoryVC.swift */ = {isa = PBXFileReference; lastKnownFileType = sourcecode.swift; path = PhotosDirectoryVC.swift; sourceTree = "<group>"; };
/* End PBXFileReference section */

/* Begin PBXFrameworksBuildPhase section */
		01D73B312A8E4BAC00993564 /* Frameworks */ = {
			isa = PBXFrameworksBuildPhase;
			buildActionMask = 2147483647;
			files = (
			);
			runOnlyForDeploymentPostprocessing = 0;
		};
		01D73B472A8E4BAD00993564 /* Frameworks */ = {
			isa = PBXFrameworksBuildPhase;
			buildActionMask = 2147483647;
			files = (
			);
			runOnlyForDeploymentPostprocessing = 0;
		};
		01D73B512A8E4BAD00993564 /* Frameworks */ = {
			isa = PBXFrameworksBuildPhase;
			buildActionMask = 2147483647;
			files = (
			);
			runOnlyForDeploymentPostprocessing = 0;
		};
/* End PBXFrameworksBuildPhase section */

/* Begin PBXGroup section */
		01D73B2B2A8E4BAB00993564 = {
			isa = PBXGroup;
			children = (
				01D73B362A8E4BAC00993564 /* PhotoBackerUpper */,
				01D73B4D2A8E4BAD00993564 /* PhotoBackerUpperTests */,
				01D73B572A8E4BAD00993564 /* PhotoBackerUpperUITests */,
				01D73B352A8E4BAC00993564 /* Products */,
			);
			sourceTree = "<group>";
		};
		01D73B352A8E4BAC00993564 /* Products */ = {
			isa = PBXGroup;
			children = (
				01D73B342A8E4BAC00993564 /* PhotoBackerUpper.app */,
				01D73B4A2A8E4BAD00993564 /* PhotoBackerUpperTests.xctest */,
				01D73B542A8E4BAD00993564 /* PhotoBackerUpperUITests.xctest */,
			);
			name = Products;
			sourceTree = "<group>";
		};
		01D73B362A8E4BAC00993564 /* PhotoBackerUpper */ = {
			isa = PBXGroup;
			children = (
				01D73B372A8E4BAC00993564 /* AppDelegate.swift */,
				01D73B392A8E4BAC00993564 /* SceneDelegate.swift */,
				01D73B732A8EBB1600993564 /* Views */,
				01D73B6F2A8EB65400993564 /* Utilities.swift */,
				01D73B712A8EB68300993564 /* extensions.swift */,
				01D73B6C2A8EB5D400993564 /* Models */,
				01D73B692A8EB5A300993564 /* Stores */,
				01D73B3D2A8E4BAC00993564 /* Main.storyboard */,
				01D73B402A8E4BAD00993564 /* Assets.xcassets */,
				01D73B422A8E4BAD00993564 /* LaunchScreen.storyboard */,
				01D73B452A8E4BAD00993564 /* Info.plist */,
			);
			path = PhotoBackerUpper;
			sourceTree = "<group>";
		};
		01D73B4D2A8E4BAD00993564 /* PhotoBackerUpperTests */ = {
			isa = PBXGroup;
			children = (
				01D73B4E2A8E4BAD00993564 /* PhotoBackerUpperTests.swift */,
			);
			path = PhotoBackerUpperTests;
			sourceTree = "<group>";
		};
		01D73B572A8E4BAD00993564 /* PhotoBackerUpperUITests */ = {
			isa = PBXGroup;
			children = (
				01D73B582A8E4BAD00993564 /* PhotoBackerUpperUITests.swift */,
				01D73B5A2A8E4BAD00993564 /* PhotoBackerUpperUITestsLaunchTests.swift */,
			);
			path = PhotoBackerUpperUITests;
			sourceTree = "<group>";
		};
		01D73B692A8EB5A300993564 /* Stores */ = {
			isa = PBXGroup;
			children = (
				01D73B6A2A8EB5B300993564 /* UserStore.swift */,
				01D73B7A2A8F577300993564 /* RequestStore.swift */,
				01D73B7C2A8F57BB00993564 /* DirectoriesStore.swift */,
			);
			path = Stores;
			sourceTree = "<group>";
		};
		01D73B6C2A8EB5D400993564 /* Models */ = {
			isa = PBXGroup;
			children = (
				01D73B6D2A8EB5E100993564 /* User.swift */,
			);
			path = Models;
			sourceTree = "<group>";
		};
		01D73B732A8EBB1600993564 /* Views */ = {
			isa = PBXGroup;
			children = (
				01D73B3B2A8E4BAC00993564 /* HomeVC.swift */,
				01D73B742A8EBB2C00993564 /* LoginVC.swift */,
				01D73B762A8EBB8E00993564 /* RegisterVC.swift */,
				01D73B782A8F553E00993564 /* YourDirectoriesVC.swift */,
				01D73B7E2A8F736D00993564 /* SearchDirectoriesVC.swift */,
				01D73B802A90A7CF00993564 /* PhotosDirectoryVC.swift */,
			);
			path = Views;
			sourceTree = "<group>";
		};
/* End PBXGroup section */

/* Begin PBXNativeTarget section */
		01D73B332A8E4BAC00993564 /* PhotoBackerUpper */ = {
			isa = PBXNativeTarget;
			buildConfigurationList = 01D73B5E2A8E4BAD00993564 /* Build configuration list for PBXNativeTarget "PhotoBackerUpper" */;
			buildPhases = (
				01D73B302A8E4BAC00993564 /* Sources */,
				01D73B312A8E4BAC00993564 /* Frameworks */,
				01D73B322A8E4BAC00993564 /* Resources */,
			);
			buildRules = (
			);
			dependencies = (
			);
			name = PhotoBackerUpper;
			productName = PhotoBackerUpper;
			productReference = 01D73B342A8E4BAC00993564 /* PhotoBackerUpper.app */;
			productType = "com.apple.product-type.application";
		};
		01D73B492A8E4BAD00993564 /* PhotoBackerUpperTests */ = {
			isa = PBXNativeTarget;
			buildConfigurationList = 01D73B612A8E4BAD00993564 /* Build configuration list for PBXNativeTarget "PhotoBackerUpperTests" */;
			buildPhases = (
				01D73B462A8E4BAD00993564 /* Sources */,
				01D73B472A8E4BAD00993564 /* Frameworks */,
				01D73B482A8E4BAD00993564 /* Resources */,
			);
			buildRules = (
			);
			dependencies = (
				01D73B4C2A8E4BAD00993564 /* PBXTargetDependency */,
			);
			name = PhotoBackerUpperTests;
			productName = PhotoBackerUpperTests;
			productReference = 01D73B4A2A8E4BAD00993564 /* PhotoBackerUpperTests.xctest */;
			productType = "com.apple.product-type.bundle.unit-test";
		};
		01D73B532A8E4BAD00993564 /* PhotoBackerUpperUITests */ = {
			isa = PBXNativeTarget;
			buildConfigurationList = 01D73B642A8E4BAD00993564 /* Build configuration list for PBXNativeTarget "PhotoBackerUpperUITests" */;
			buildPhases = (
				01D73B502A8E4BAD00993564 /* Sources */,
				01D73B512A8E4BAD00993564 /* Frameworks */,
				01D73B522A8E4BAD00993564 /* Resources */,
			);
			buildRules = (
			);
			dependencies = (
				01D73B562A8E4BAD00993564 /* PBXTargetDependency */,
			);
			name = PhotoBackerUpperUITests;
			productName = PhotoBackerUpperUITests;
			productReference = 01D73B542A8E4BAD00993564 /* PhotoBackerUpperUITests.xctest */;
			productType = "com.apple.product-type.bundle.ui-testing";
		};
/* End PBXNativeTarget section */

/* Begin PBXProject section */
		01D73B2C2A8E4BAB00993564 /* Project object */ = {
			isa = PBXProject;
			attributes = {
				BuildIndependentTargetsInParallel = 1;
				LastSwiftUpdateCheck = 1430;
				LastUpgradeCheck = 1430;
				TargetAttributes = {
					01D73B332A8E4BAC00993564 = {
						CreatedOnToolsVersion = 14.3.1;
					};
					01D73B492A8E4BAD00993564 = {
						CreatedOnToolsVersion = 14.3.1;
						TestTargetID = 01D73B332A8E4BAC00993564;
					};
					01D73B532A8E4BAD00993564 = {
						CreatedOnToolsVersion = 14.3.1;
						TestTargetID = 01D73B332A8E4BAC00993564;
					};
				};
			};
			buildConfigurationList = 01D73B2F2A8E4BAB00993564 /* Build configuration list for PBXProject "PhotoBackerUpper" */;
			compatibilityVersion = "Xcode 14.0";
			developmentRegion = en;
			hasScannedForEncodings = 0;
			knownRegions = (
				en,
				Base,
			);
			mainGroup = 01D73B2B2A8E4BAB00993564;
			productRefGroup = 01D73B352A8E4BAC00993564 /* Products */;
			projectDirPath = "";
			projectRoot = "";
			targets = (
				01D73B332A8E4BAC00993564 /* PhotoBackerUpper */,
				01D73B492A8E4BAD00993564 /* PhotoBackerUpperTests */,
				01D73B532A8E4BAD00993564 /* PhotoBackerUpperUITests */,
			);
		};
/* End PBXProject section */

/* Begin PBXResourcesBuildPhase section */
		01D73B322A8E4BAC00993564 /* Resources */ = {
			isa = PBXResourcesBuildPhase;
			buildActionMask = 2147483647;
			files = (
				01D73B442A8E4BAD00993564 /* LaunchScreen.storyboard in Resources */,
				01D73B412A8E4BAD00993564 /* Assets.xcassets in Resources */,
				01D73B3F2A8E4BAC00993564 /* Main.storyboard in Resources */,
			);
			runOnlyForDeploymentPostprocessing = 0;
		};
		01D73B482A8E4BAD00993564 /* Resources */ = {
			isa = PBXResourcesBuildPhase;
			buildActionMask = 2147483647;
			files = (
			);
			runOnlyForDeploymentPostprocessing = 0;
		};
		01D73B522A8E4BAD00993564 /* Resources */ = {
			isa = PBXResourcesBuildPhase;
			buildActionMask = 2147483647;
			files = (
			);
			runOnlyForDeploymentPostprocessing = 0;
		};
/* End PBXResourcesBuildPhase section */

/* Begin PBXSourcesBuildPhase section */
		01D73B302A8E4BAC00993564 /* Sources */ = {
			isa = PBXSourcesBuildPhase;
			buildActionMask = 2147483647;
			files = (
				01D73B7F2A8F736D00993564 /* SearchDirectoriesVC.swift in Sources */,
				01D73B812A90A7CF00993564 /* PhotosDirectoryVC.swift in Sources */,
				01D73B792A8F553E00993564 /* YourDirectoriesVC.swift in Sources */,
				01D73B3C2A8E4BAC00993564 /* HomeVC.swift in Sources */,
				01D73B6B2A8EB5B300993564 /* UserStore.swift in Sources */,
				01D73B702A8EB65400993564 /* Utilities.swift in Sources */,
				01D73B722A8EB68300993564 /* extensions.swift in Sources */,
				01D73B6E2A8EB5E100993564 /* User.swift in Sources */,
				01D73B752A8EBB2C00993564 /* LoginVC.swift in Sources */,
				01D73B382A8E4BAC00993564 /* AppDelegate.swift in Sources */,
				01D73B7D2A8F57BB00993564 /* DirectoriesStore.swift in Sources */,
				01D73B3A2A8E4BAC00993564 /* SceneDelegate.swift in Sources */,
				01D73B772A8EBB8E00993564 /* RegisterVC.swift in Sources */,
				01D73B7B2A8F577300993564 /* RequestStore.swift in Sources */,
			);
			runOnlyForDeploymentPostprocessing = 0;
		};
		01D73B462A8E4BAD00993564 /* Sources */ = {
			isa = PBXSourcesBuildPhase;
			buildActionMask = 2147483647;
			files = (
				01D73B4F2A8E4BAD00993564 /* PhotoBackerUpperTests.swift in Sources */,
			);
			runOnlyForDeploymentPostprocessing = 0;
		};
		01D73B502A8E4BAD00993564 /* Sources */ = {
			isa = PBXSourcesBuildPhase;
			buildActionMask = 2147483647;
			files = (
				01D73B5B2A8E4BAD00993564 /* PhotoBackerUpperUITestsLaunchTests.swift in Sources */,
				01D73B592A8E4BAD00993564 /* PhotoBackerUpperUITests.swift in Sources */,
			);
			runOnlyForDeploymentPostprocessing = 0;
		};
/* End PBXSourcesBuildPhase section */

/* Begin PBXTargetDependency section */
		01D73B4C2A8E4BAD00993564 /* PBXTargetDependency */ = {
			isa = PBXTargetDependency;
			target = 01D73B332A8E4BAC00993564 /* PhotoBackerUpper */;
			targetProxy = 01D73B4B2A8E4BAD00993564 /* PBXContainerItemProxy */;
		};
		01D73B562A8E4BAD00993564 /* PBXTargetDependency */ = {
			isa = PBXTargetDependency;
			target = 01D73B332A8E4BAC00993564 /* PhotoBackerUpper */;
			targetProxy = 01D73B552A8E4BAD00993564 /* PBXContainerItemProxy */;
		};
/* End PBXTargetDependency section */

/* Begin PBXVariantGroup section */
		01D73B3D2A8E4BAC00993564 /* Main.storyboard */ = {
			isa = PBXVariantGroup;
			children = (
				01D73B3E2A8E4BAC00993564 /* Base */,
			);
			name = Main.storyboard;
			sourceTree = "<group>";
		};
		01D73B422A8E4BAD00993564 /* LaunchScreen.storyboard */ = {
			isa = PBXVariantGroup;
			children = (
				01D73B432A8E4BAD00993564 /* Base */,
			);
			name = LaunchScreen.storyboard;
			sourceTree = "<group>";
		};
/* End PBXVariantGroup section */

/* Begin XCBuildConfiguration section */
		01D73B5C2A8E4BAD00993564 /* Debug */ = {
			isa = XCBuildConfiguration;
			buildSettings = {
				ALWAYS_SEARCH_USER_PATHS = NO;
				CLANG_ANALYZER_NONNULL = YES;
				CLANG_ANALYZER_NUMBER_OBJECT_CONVERSION = YES_AGGRESSIVE;
				CLANG_CXX_LANGUAGE_STANDARD = "gnu++20";
				CLANG_ENABLE_MODULES = YES;
				CLANG_ENABLE_OBJC_ARC = YES;
				CLANG_ENABLE_OBJC_WEAK = YES;
				CLANG_WARN_BLOCK_CAPTURE_AUTORELEASING = YES;
				CLANG_WARN_BOOL_CONVERSION = YES;
				CLANG_WARN_COMMA = YES;
				CLANG_WARN_CONSTANT_CONVERSION = YES;
				CLANG_WARN_DEPRECATED_OBJC_IMPLEMENTATIONS = YES;
				CLANG_WARN_DIRECT_OBJC_ISA_USAGE = YES_ERROR;
				CLANG_WARN_DOCUMENTATION_COMMENTS = YES;
				CLANG_WARN_EMPTY_BODY = YES;
				CLANG_WARN_ENUM_CONVERSION = YES;
				CLANG_WARN_INFINITE_RECURSION = YES;
				CLANG_WARN_INT_CONVERSION = YES;
				CLANG_WARN_NON_LITERAL_NULL_CONVERSION = YES;
				CLANG_WARN_OBJC_IMPLICIT_RETAIN_SELF = YES;
				CLANG_WARN_OBJC_LITERAL_CONVERSION = YES;
				CLANG_WARN_OBJC_ROOT_CLASS = YES_ERROR;
				CLANG_WARN_QUOTED_INCLUDE_IN_FRAMEWORK_HEADER = YES;
				CLANG_WARN_RANGE_LOOP_ANALYSIS = YES;
				CLANG_WARN_STRICT_PROTOTYPES = YES;
				CLANG_WARN_SUSPICIOUS_MOVE = YES;
				CLANG_WARN_UNGUARDED_AVAILABILITY = YES_AGGRESSIVE;
				CLANG_WARN_UNREACHABLE_CODE = YES;
				CLANG_WARN__DUPLICATE_METHOD_MATCH = YES;
				COPY_PHASE_STRIP = NO;
				DEBUG_INFORMATION_FORMAT = dwarf;
				ENABLE_STRICT_OBJC_MSGSEND = YES;
				ENABLE_TESTABILITY = YES;
				GCC_C_LANGUAGE_STANDARD = gnu11;
				GCC_DYNAMIC_NO_PIC = NO;
				GCC_NO_COMMON_BLOCKS = YES;
				GCC_OPTIMIZATION_LEVEL = 0;
				GCC_PREPROCESSOR_DEFINITIONS = (
					"DEBUG=1",
					"$(inherited)",
				);
				GCC_WARN_64_TO_32_BIT_CONVERSION = YES;
				GCC_WARN_ABOUT_RETURN_TYPE = YES_ERROR;
				GCC_WARN_UNDECLARED_SELECTOR = YES;
				GCC_WARN_UNINITIALIZED_AUTOS = YES_AGGRESSIVE;
				GCC_WARN_UNUSED_FUNCTION = YES;
				GCC_WARN_UNUSED_VARIABLE = YES;
				IPHONEOS_DEPLOYMENT_TARGET = 16.4;
				MTL_ENABLE_DEBUG_INFO = INCLUDE_SOURCE;
				MTL_FAST_MATH = YES;
				ONLY_ACTIVE_ARCH = YES;
				SDKROOT = iphoneos;
				SWIFT_ACTIVE_COMPILATION_CONDITIONS = DEBUG;
				SWIFT_OPTIMIZATION_LEVEL = "-Onone";
			};
			name = Debug;
		};
		01D73B5D2A8E4BAD00993564 /* Release */ = {
			isa = XCBuildConfiguration;
			buildSettings = {
				ALWAYS_SEARCH_USER_PATHS = NO;
				CLANG_ANALYZER_NONNULL = YES;
				CLANG_ANALYZER_NUMBER_OBJECT_CONVERSION = YES_AGGRESSIVE;
				CLANG_CXX_LANGUAGE_STANDARD = "gnu++20";
				CLANG_ENABLE_MODULES = YES;
				CLANG_ENABLE_OBJC_ARC = YES;
				CLANG_ENABLE_OBJC_WEAK = YES;
				CLANG_WARN_BLOCK_CAPTURE_AUTORELEASING = YES;
				CLANG_WARN_BOOL_CONVERSION = YES;
				CLANG_WARN_COMMA = YES;
				CLANG_WARN_CONSTANT_CONVERSION = YES;
				CLANG_WARN_DEPRECATED_OBJC_IMPLEMENTATIONS = YES;
				CLANG_WARN_DIRECT_OBJC_ISA_USAGE = YES_ERROR;
				CLANG_WARN_DOCUMENTATION_COMMENTS = YES;
				CLANG_WARN_EMPTY_BODY = YES;
				CLANG_WARN_ENUM_CONVERSION = YES;
				CLANG_WARN_INFINITE_RECURSION = YES;
				CLANG_WARN_INT_CONVERSION = YES;
				CLANG_WARN_NON_LITERAL_NULL_CONVERSION = YES;
				CLANG_WARN_OBJC_IMPLICIT_RETAIN_SELF = YES;
				CLANG_WARN_OBJC_LITERAL_CONVERSION = YES;
				CLANG_WARN_OBJC_ROOT_CLASS = YES_ERROR;
				CLANG_WARN_QUOTED_INCLUDE_IN_FRAMEWORK_HEADER = YES;
				CLANG_WARN_RANGE_LOOP_ANALYSIS = YES;
				CLANG_WARN_STRICT_PROTOTYPES = YES;
				CLANG_WARN_SUSPICIOUS_MOVE = YES;
				CLANG_WARN_UNGUARDED_AVAILABILITY = YES_AGGRESSIVE;
				CLANG_WARN_UNREACHABLE_CODE = YES;
				CLANG_WARN__DUPLICATE_METHOD_MATCH = YES;
				COPY_PHASE_STRIP = NO;
				DEBUG_INFORMATION_FORMAT = "dwarf-with-dsym";
				ENABLE_NS_ASSERTIONS = NO;
				ENABLE_STRICT_OBJC_MSGSEND = YES;
				GCC_C_LANGUAGE_STANDARD = gnu11;
				GCC_NO_COMMON_BLOCKS = YES;
				GCC_WARN_64_TO_32_BIT_CONVERSION = YES;
				GCC_WARN_ABOUT_RETURN_TYPE = YES_ERROR;
				GCC_WARN_UNDECLARED_SELECTOR = YES;
				GCC_WARN_UNINITIALIZED_AUTOS = YES_AGGRESSIVE;
				GCC_WARN_UNUSED_FUNCTION = YES;
				GCC_WARN_UNUSED_VARIABLE = YES;
				IPHONEOS_DEPLOYMENT_TARGET = 16.4;
				MTL_ENABLE_DEBUG_INFO = NO;
				MTL_FAST_MATH = YES;
				SDKROOT = iphoneos;
				SWIFT_COMPILATION_MODE = wholemodule;
				SWIFT_OPTIMIZATION_LEVEL = "-O";
				VALIDATE_PRODUCT = YES;
			};
			name = Release;
		};
		01D73B5F2A8E4BAD00993564 /* Debug */ = {
			isa = XCBuildConfiguration;
			buildSettings = {
				ASSETCATALOG_COMPILER_APPICON_NAME = AppIcon;
				ASSETCATALOG_COMPILER_GLOBAL_ACCENT_COLOR_NAME = AccentColor;
				CODE_SIGN_STYLE = Automatic;
				CURRENT_PROJECT_VERSION = 1;
				DEVELOPMENT_TEAM = GL5QL25H5M;
				GENERATE_INFOPLIST_FILE = YES;
				INFOPLIST_FILE = PhotoBackerUpper/Info.plist;
				INFOPLIST_KEY_UIApplicationSupportsIndirectInputEvents = YES;
				INFOPLIST_KEY_UILaunchStoryboardName = LaunchScreen;
				INFOPLIST_KEY_UIMainStoryboardFile = Main;
				INFOPLIST_KEY_UISupportedInterfaceOrientations_iPad = "UIInterfaceOrientationPortrait UIInterfaceOrientationPortraitUpsideDown UIInterfaceOrientationLandscapeLeft UIInterfaceOrientationLandscapeRight";
				INFOPLIST_KEY_UISupportedInterfaceOrientations_iPhone = "UIInterfaceOrientationPortrait UIInterfaceOrientationLandscapeLeft UIInterfaceOrientationLandscapeRight";
				LD_RUNPATH_SEARCH_PATHS = (
					"$(inherited)",
					"@executable_path/Frameworks",
				);
				MARKETING_VERSION = 1.0;
				PRODUCT_BUNDLE_IDENTIFIER = com.iamnick.info.PhotoBackerUpper;
				PRODUCT_NAME = "$(TARGET_NAME)";
				SWIFT_EMIT_LOC_STRINGS = YES;
				SWIFT_VERSION = 5.0;
				TARGETED_DEVICE_FAMILY = "1,2";
			};
			name = Debug;
		};
		01D73B602A8E4BAD00993564 /* Release */ = {
			isa = XCBuildConfiguration;
			buildSettings = {
				ASSETCATALOG_COMPILER_APPICON_NAME = AppIcon;
				ASSETCATALOG_COMPILER_GLOBAL_ACCENT_COLOR_NAME = AccentColor;
				CODE_SIGN_STYLE = Automatic;
				CURRENT_PROJECT_VERSION = 1;
				DEVELOPMENT_TEAM = GL5QL25H5M;
				GENERATE_INFOPLIST_FILE = YES;
				INFOPLIST_FILE = PhotoBackerUpper/Info.plist;
				INFOPLIST_KEY_UIApplicationSupportsIndirectInputEvents = YES;
				INFOPLIST_KEY_UILaunchStoryboardName = LaunchScreen;
				INFOPLIST_KEY_UIMainStoryboardFile = Main;
				INFOPLIST_KEY_UISupportedInterfaceOrientations_iPad = "UIInterfaceOrientationPortrait UIInterfaceOrientationPortraitUpsideDown UIInterfaceOrientationLandscapeLeft UIInterfaceOrientationLandscapeRight";
				INFOPLIST_KEY_UISupportedInterfaceOrientations_iPhone = "UIInterfaceOrientationPortrait UIInterfaceOrientationLandscapeLeft UIInterfaceOrientationLandscapeRight";
				LD_RUNPATH_SEARCH_PATHS = (
					"$(inherited)",
					"@executable_path/Frameworks",
				);
				MARKETING_VERSION = 1.0;
				PRODUCT_BUNDLE_IDENTIFIER = com.iamnick.info.PhotoBackerUpper;
				PRODUCT_NAME = "$(TARGET_NAME)";
				SWIFT_EMIT_LOC_STRINGS = YES;
				SWIFT_VERSION = 5.0;
				TARGETED_DEVICE_FAMILY = "1,2";
			};
			name = Release;
		};
		01D73B622A8E4BAD00993564 /* Debug */ = {
			isa = XCBuildConfiguration;
			buildSettings = {
				ALWAYS_EMBED_SWIFT_STANDARD_LIBRARIES = YES;
				BUNDLE_LOADER = "$(TEST_HOST)";
				CODE_SIGN_STYLE = Automatic;
				CURRENT_PROJECT_VERSION = 1;
				DEVELOPMENT_TEAM = GL5QL25H5M;
				GENERATE_INFOPLIST_FILE = YES;
				IPHONEOS_DEPLOYMENT_TARGET = 16.4;
				MARKETING_VERSION = 1.0;
				PRODUCT_BUNDLE_IDENTIFIER = com.iamnick.info.PhotoBackerUpperTests;
				PRODUCT_NAME = "$(TARGET_NAME)";
				SWIFT_EMIT_LOC_STRINGS = NO;
				SWIFT_VERSION = 5.0;
				TARGETED_DEVICE_FAMILY = "1,2";
				TEST_HOST = "$(BUILT_PRODUCTS_DIR)/PhotoBackerUpper.app/$(BUNDLE_EXECUTABLE_FOLDER_PATH)/PhotoBackerUpper";
			};
			name = Debug;
		};
		01D73B632A8E4BAD00993564 /* Release */ = {
			isa = XCBuildConfiguration;
			buildSettings = {
				ALWAYS_EMBED_SWIFT_STANDARD_LIBRARIES = YES;
				BUNDLE_LOADER = "$(TEST_HOST)";
				CODE_SIGN_STYLE = Automatic;
				CURRENT_PROJECT_VERSION = 1;
				DEVELOPMENT_TEAM = GL5QL25H5M;
				GENERATE_INFOPLIST_FILE = YES;
				IPHONEOS_DEPLOYMENT_TARGET = 16.4;
				MARKETING_VERSION = 1.0;
				PRODUCT_BUNDLE_IDENTIFIER = com.iamnick.info.PhotoBackerUpperTests;
				PRODUCT_NAME = "$(TARGET_NAME)";
				SWIFT_EMIT_LOC_STRINGS = NO;
				SWIFT_VERSION = 5.0;
				TARGETED_DEVICE_FAMILY = "1,2";
				TEST_HOST = "$(BUILT_PRODUCTS_DIR)/PhotoBackerUpper.app/$(BUNDLE_EXECUTABLE_FOLDER_PATH)/PhotoBackerUpper";
			};
			name = Release;
		};
		01D73B652A8E4BAD00993564 /* Debug */ = {
			isa = XCBuildConfiguration;
			buildSettings = {
				ALWAYS_EMBED_SWIFT_STANDARD_LIBRARIES = YES;
				CODE_SIGN_STYLE = Automatic;
				CURRENT_PROJECT_VERSION = 1;
				DEVELOPMENT_TEAM = GL5QL25H5M;
				GENERATE_INFOPLIST_FILE = YES;
				MARKETING_VERSION = 1.0;
				PRODUCT_BUNDLE_IDENTIFIER = com.iamnick.info.PhotoBackerUpperUITests;
				PRODUCT_NAME = "$(TARGET_NAME)";
				SWIFT_EMIT_LOC_STRINGS = NO;
				SWIFT_VERSION = 5.0;
				TARGETED_DEVICE_FAMILY = "1,2";
				TEST_TARGET_NAME = PhotoBackerUpper;
			};
			name = Debug;
		};
		01D73B662A8E4BAD00993564 /* Release */ = {
			isa = XCBuildConfiguration;
			buildSettings = {
				ALWAYS_EMBED_SWIFT_STANDARD_LIBRARIES = YES;
				CODE_SIGN_STYLE = Automatic;
				CURRENT_PROJECT_VERSION = 1;
				DEVELOPMENT_TEAM = GL5QL25H5M;
				GENERATE_INFOPLIST_FILE = YES;
				MARKETING_VERSION = 1.0;
				PRODUCT_BUNDLE_IDENTIFIER = com.iamnick.info.PhotoBackerUpperUITests;
				PRODUCT_NAME = "$(TARGET_NAME)";
				SWIFT_EMIT_LOC_STRINGS = NO;
				SWIFT_VERSION = 5.0;
				TARGETED_DEVICE_FAMILY = "1,2";
				TEST_TARGET_NAME = PhotoBackerUpper;
			};
			name = Release;
		};
/* End XCBuildConfiguration section */

/* Begin XCConfigurationList section */
		01D73B2F2A8E4BAB00993564 /* Build configuration list for PBXProject "PhotoBackerUpper" */ = {
			isa = XCConfigurationList;
			buildConfigurations = (
				01D73B5C2A8E4BAD00993564 /* Debug */,
				01D73B5D2A8E4BAD00993564 /* Release */,
			);
			defaultConfigurationIsVisible = 0;
			defaultConfigurationName = Release;
		};
		01D73B5E2A8E4BAD00993564 /* Build configuration list for PBXNativeTarget "PhotoBackerUpper" */ = {
			isa = XCConfigurationList;
			buildConfigurations = (
				01D73B5F2A8E4BAD00993564 /* Debug */,
				01D73B602A8E4BAD00993564 /* Release */,
			);
			defaultConfigurationIsVisible = 0;
			defaultConfigurationName = Release;
		};
		01D73B612A8E4BAD00993564 /* Build configuration list for PBXNativeTarget "PhotoBackerUpperTests" */ = {
			isa = XCConfigurationList;
			buildConfigurations = (
				01D73B622A8E4BAD00993564 /* Debug */,
				01D73B632A8E4BAD00993564 /* Release */,
			);
			defaultConfigurationIsVisible = 0;
			defaultConfigurationName = Release;
		};
		01D73B642A8E4BAD00993564 /* Build configuration list for PBXNativeTarget "PhotoBackerUpperUITests" */ = {
			isa = XCConfigurationList;
			buildConfigurations = (
				01D73B652A8E4BAD00993564 /* Debug */,
				01D73B662A8E4BAD00993564 /* Release */,
			);
			defaultConfigurationIsVisible = 0;
			defaultConfigurationName = Release;
		};
/* End XCConfigurationList section */
	};
	rootObject = 01D73B2C2A8E4BAB00993564 /* Project object */;
}
